github.com/cnf/structhash v0.0.0-20201127153200-e1b16c1ebc08 h1:ox2F0PSMlrAAiAdknSRMDrAr8mfxPCfSZolH+/qQnyQ=
github.com/cnf/structhash v0.0.0-20201127153200-e1b16c1ebc08/go.mod h1:pCxVEbcm3AMg7ejXyorUXi6HQCzOIBf7zEDVPtw0/U4=
github.com/davecgh/go-spew v1.1.0/go.mod h1:J7Y8YcW2NihsgmVo/mv3lAwl/skON4iLHjSsI+c5H38=
github.com/davecgh/go-spew v1.1.1/go.mod h1:J7Y8YcW2NihsgmVo/mv3lAwl/skON4iLHjSsI+c5H38=
github.com/gammazero/deque v0.1.0 h1:f9LnNmq66VDeuAlSAapemq/U7hJ2jpIWa4c09q8Dlik=
github.com/gammazero/deque v0.1.0/go.mod h1:KQw7vFau1hHuM8xmI9RbgKFbAsQFWmBpqQ2KenFLk6M=
github.com/gammazero/workerpool v1.1.2 h1:vuioDQbgrz4HoaCi2q1HLlOXdpbap5AET7xu5/qj87g=
github.com/gammazero/workerpool v1.1.2/go.mod h1:UelbXcO0zCIGFcufcirHhq2/xtLXJdQ29qZNlXG9OjQ=
github.com/hashicorp/go-cleanhttp v0.5.1 h1:dH3aiDG9Jvb5r5+bYHsikaOUIpcM0xvgMXVoDkXMzJM=
github.com/hashicorp/go-cleanhttp v0.5.1/go.mod h1:JpRdi6/HCYpAwUzNwuwqhbovhLtngrth3wmdIIUrZ80=
github.com/hashicorp/go-hclog v0.9.2/go.mod h1:5CU+agLiy3J7N7QjHK5d05KxGsuXiQLrjA0H7acj2lQ=
github.com/hashicorp/go-retryablehttp v0.7.1 h1:sUiuQAnLlbvmExtFQs72iFW/HXeUn8Z1aJLQ4LJJbTQ=
github.com/hashicorp/go-retryablehttp v0.7.1/go.mod h1:vAew36LZh98gCBJNLH42IQ1ER/9wtLZZ8meHqQvEYWY=
github.com/k0kubun/go-ansi v0.0.0-20180517002512-3bf9e2903213/go.mod h1:vNUNkEQ1e29fT/6vq2aBdFsgNPmy8qMdSay1npru+Sw=
github.com/karrick/godirwalk v1.16.1 h1:DynhcF+bztK8gooS0+NDJFrdNZjJ3gzVzC545UNA9iw=
github.com/karrick/godirwalk v1.16.1/go.mod h1:j4mkqPuvaLI8mp1DroR3P6ad7cyYd4c1qeJ3RV7ULlk=
github.com/mattn/go-isatty v0.0.14/go.mod h1:7GGIvUiUoEMVVmxf/4nioHXj79iQHKdU27kJ6hsGG94=
github.com/mattn/go-runewidth v0.0.13 h1:lTGmDsbAYt5DmK6OnoV7EuIF1wEIFAcxld6ypU4OSgU=
github.com/mattn/go-runewidth v0.0.13/go.mod h1:Jdepj2loyihRzMpdS35Xk/zdY8IAYHsh153qUoGf23w=
github.com/mitchellh/colorstring v0.0.0-20190213212951-d06e56a500db h1:62I3jR2EmQ4l5rM/4FEfDWcRD+abF5XlKShorW5LRoQ=
github.com/mitchellh/colorstring v0.0.0-20190213212951-d06e56a500db/go.mod h1:l0dey0ia/Uv7NcFFVbCLtqEBQbrT4OCwCSKTEv6enCw=
github.com/pkg/errors v0.9.1 h1:FEBLx1zS214owpjy7qsBeixbURkuhQAwrK5UwLGTwt4=
github.com/pkg/errors v0.9.1/go.mod h1:bwawxfHBFNV+L2hUp1rHADufV3IMtnDRdf1r5NINEl0=
github.com/pmezard/go-difflib v1.0.0/go.mod h1:iKH77koFhYxTK1pcRnkKkqfTogsbg7gZNVY4sRDYZ/4=
github.com/projectdiscovery/fileutil v0.0.0-20210928100737-cab279c5d4b5 h1:2dbm7UhrAKnccZttr78CAmG768sSCd+MBn4ayLVDeqA=
github.com/projectdiscovery/fileutil v0.0.0-20210928100737-cab279c5d4b5/go.mod h1:U+QCpQnX8o2N2w0VUGyAzjM3yBAe4BKedVElxiImsx0=
github.com/projectdiscovery/goflags v0.0.8 h1:IhTmnEGSKtBHfD23tSwpnzai5CRYfLKVOWlVq9ngYvY=
github.com/projectdiscovery/goflags v0.0.8/go.mod h1:GDSkWyXa6kfQjpJu10SO64DN8lXuKXVENlBMk8N7H80=
github.com/projectdiscovery/retryablehttp-go v1.0.2 h1:LV1/KAQU+yeWhNVlvveaYFsjBYRwXlNEq0PvrezMV0U=
github.com/projectdiscovery/retryablehttp-go v1.0.2/go.mod h1:dx//aY9V247qHdsRf0vdWHTBZuBQ2vm6Dq5dagxrDYI=
github.com/projectdiscovery/stringsutil v0.0.0-20210804142656-fd3c28dbaafe h1:tQTgf5XLBgZbkJDPtnV3SfdP9tzz5ZWeDBwv8WhnH9Q=
github.com/projectdiscovery/stringsutil v0.0.0-20210804142656-fd3c28dbaafe/go.mod h1:oTRc18WBv9t6BpaN9XBY+QmG28PUpsyDzRht56Qf49I=
github.com/rivo/uniseg v0.2.0 h1:S1pD9weZBuJdFmowNwbpi7BJ8TNftyUImj/0WQi72jY=
github.com/rivo/uniseg v0.2.0/go.mod h1:J6wj4VEh+S6ZtnVlnTBMWIodfgj8LQOQFoIToxlJtxc=
github.com/schollz/progressbar/v3 v3.8.6 h1:QruMUdzZ1TbEP++S1m73OqRJk20ON11m6Wqv4EoGg8c=
github.com/schollz/progressbar/v3 v3.8.6/go.mod h1:W5IEwbJecncFGBvuEh4A7HT1nZZ6WNIL2i3qbnI0WKY=
github.com/stretchr/objx v0.1.0/go.mod h1:HFkY916IF+rwdDfMAkV7OtwuqBVzrE8GR6GFx+wExME=
github.com/stretchr/testify v1.2.2/go.mod h1:a8OnRcib4nhh0OaRAV+Yts87kKdq0PP7pXfy6kDkUVs=
github.com/stretchr/testify v1.3.0/go.mod h1:M5WIy9Dh21IEIfnGCwXGc5bZfKNJtfHm1UVUgZn+9EI=
github.com/stretchr/testify v1.7.0/go.mod h1:6Fq8oRcR53rry900zMqJjRRixrwX3KX962/h/Wwjteg=
golang.org/x/crypto v0.0.0-20220131195533-30dcbda58838/go.mod h1:IxCIyHEi3zRg3s0A5j5BB6A9Jmi73HwBIUl50j+osU4=
golang.org/x/crypto v0.0.0-20220622213112-05595931fe9d h1:sK3txAijHtOK88l68nt020reeT1ZdKLIYetKl95FzVY=
golang.org/x/crypto v0.0.0-20220622213112-05595931fe9d/go.mod h1:IxCIyHEi3zRg3s0A5j5BB6A9Jmi73HwBIUl50j+osU4=
golang.org/x/net v0.0.0-20210521195947-fe42d452be8f/go.mod h1:9nx3DQGgdP8bBQD5qxJ1jj9UTztislL4KSBs9R2vV5Y=
golang.org/x/net v0.0.0-20211112202133-69e39bad7dc2 h1:CIJ76btIcR3eFI5EgSo6k1qKw9KJexJuRLI9G7Hp5wE=
golang.org/x/net v0.0.0-20211112202133-69e39bad7dc2/go.mod h1:9nx3DQGgdP8bBQD5qxJ1jj9UTztislL4KSBs9R2vV5Y=
golang.org/x/sys v0.0.0-20201119102817-f84b799fce68/go.mod h1:h1NjWce9XRLGQEsW7wpKNCjG9DtNlClVuFLEZdDNbEs=
golang.org/x/sys v0.0.0-20210423082822-04245dca01da/go.mod h1:h1NjWce9XRLGQEsW7wpKNCjG9DtNlClVuFLEZdDNbEs=
golang.org/x/sys v0.0.0-20210615035016-665e8c7367d1/go.mod h1:oPkhp1MJrh7nUepCBck5+mAzfO9JrbApNNgaTdGDITg=
golang.org/x/sys v0.0.0-20210630005230-0f9fa26af87c/go.mod h1:oPkhp1MJrh7nUepCBck5+mAzfO9JrbApNNgaTdGDITg=
golang.org/x/sys v0.0.0-20220128215802-99c3d69c2c27/go.mod h1:oPkhp1MJrh7nUepCBck5+mAzfO9JrbApNNgaTdGDITg=
golang.org/x/sys v0.0.0-20220627191245-f75cf1eec38b h1:2n253B2r0pYSmEV+UNCQoPfU/FiaizQEK5Gu4Bq4JE8=
golang.org/x/sys v0.0.0-20220627191245-f75cf1eec38b/go.mod h1:oPkhp1MJrh7nUepCBck5+mAzfO9JrbApNNgaTdGDITg=
golang.org/x/term v0.0.0-20201126162022-7de9c90e9dd1/go.mod h1:bj7SfCRtBDWHUb9snDiAeCFNEtKQo2Wmx5Cou7ajbmo=
golang.org/x/term v0.0.0-20210927222741-03fcf44c2211/go.mod h1:jbD1KX2456YbFQfuXm/mYQcufACuNUgVhRMnK/tPxf8=
golang.org/x/term v0.0.0-20220526004731-065cf7ba2467 h1:CBpWXWQpIRjzmkkA+M7q9Fqnwd2mZr3AFqexg8YTfoM=
golang.org/x/term v0.0.0-20220526004731-065cf7ba2467/go.mod h1:jbD1KX2456YbFQfuXm/mYQcufACuNUgVhRMnK/tPxf8=
golang.org/x/text v0.3.6 h1:aRYxNxv6iGQlyVaZmk6ZgYEDa+Jg18DxebPSrd6bg1M=
golang.org/x/text v0.3.6/go.mod h1:5Zoc/QRtKVWzQhOtBMvqHzDpF6irO9z98xDceosuGiQ=
golang.org/x/tools v0.0.0-20180917221912-90fa682c2a6e/go.mod h1:n7NCudcB/nEzxVGmLbDWY5pfWTLqBcC2KZ6jyYvM4mQ=
gopkg.in/check.v1 v0.0.0-20161208181325-20d25e280405/go.mod h1:Co6ibVJAznAaIkqp8huTwlJQCZ016jof/cbN4VW5Yz0=
gopkg.in/yaml.v3 v3.0.0-20200313102051-9f266ea9e77c/go.mod h1:K4uyk7z7BCEPqu6E+C64Yfv1cQ7kz7rIZviUmN+EgEM=
gopkg.in/yaml.v3 v3.0.1 h1:fxVm/GzAzEWqLHuvctI91KS9hhNmmWOoWu0XTYJS7CA=
gopkg.in/yaml.v3 v3.0.1/go.mod h1:K4uyk7z7BCEPqu6E+C64Yfv1cQ7kz7rIZviUmN+EgEM=
